
Microsoft Visual Studio Solution File, Format Version 12.00
# Visual Studio Version 16
VisualStudioVersion = 16.0.31026.101
MinimumVisualStudioVersion = 10.0.40219.1
Project("{FAE04EC0-301F-11D3-BF4B-00C04F79EFBC}") = "BDDTraining", "BDDTraining\BDDTraining.csproj", "{2E918F70-8123-4C25-871A-A922821916D8}"
EndProject
Global
	GlobalSection(SolutionConfigurationPlatforms) = preSolution
		Debug|Any CPU = Debug|Any CPU
		Release|Any CPU = Release|Any CPU
	EndGlobalSection
	GlobalSection(ProjectConfigurationPlatforms) = postSolution
		{2E918F70-8123-4C25-871A-A922821916D8}.Debug|Any CPU.ActiveCfg = Debug|Any CPU
		{2E918F70-8123-4C25-871A-A922821916D8}.Debug|Any CPU.Build.0 = Debug|Any CPU
		{2E918F70-8123-4C25-871A-A922821916D8}.Release|Any CPU.ActiveCfg = Release|Any CPU
		{2E918F70-8123-4C25-871A-A922821916D8}.Release|Any CPU.Build.0 = Release|Any CPU
	EndGlobalSection
	GlobalSection(SolutionProperties) = preSolution
		HideSolutionNode = FALSE
	EndGlobalSection
	GlobalSection(ExtensibilityGlobals) = postSolution
		SolutionGuid = {5D253007-1DA9-443E-B4C8-21CD6E6EA8AB}
	EndGlobalSection
EndGlobal
